{
  "version": 4,
  "terraform_version": "1.3.7",
  "serial": 1582,
  "lineage": "3c907055-4554-23f4-c335-a2fa58926618",
  "outputs": {
    "elb_dns_name": {
      "value": "terraform-alb-1858936565.us-east-1.elb.amazonaws.com",
      "type": "string"
    },
    "fingerprint": {
      "value": "28:1f:1d:d1:42:a3:1e:55:53:bc:05:8b:72:65:25:2a",
      "type": "string"
    },
    "id": {
      "value": "key-04f6d6c9a81f74265",
      "type": "string"
    },
    "instance_ids": {
      "value": [
        [
          {
            "pub-subnet-1": {
              "ami": "ami-0778521d914d23bc1",
              "arn": "arn:aws:ec2:us-east-1:605653682163:instance/i-012e5445374d0505e",
              "associate_public_ip_address": true,
              "availability_zone": "us-east-1a",
              "capacity_reservation_specification": [
                {
                  "capacity_reservation_preference": "open",
                  "capacity_reservation_target": []
                }
              ],
              "cpu_core_count": 1,
              "cpu_threads_per_core": 1,
              "credit_specification": [
                {
                  "cpu_credits": "standard"
                }
              ],
              "disable_api_stop": false,
              "disable_api_termination": false,
              "ebs_block_device": [],
              "ebs_optimized": false,
              "enclave_options": [
                {
                  "enabled": false
                }
              ],
              "ephemeral_block_device": [],
              "get_password_data": false,
              "hibernation": false,
              "host_id": "",
              "host_resource_group_arn": null,
              "iam_instance_profile": "",
              "id": "i-012e5445374d0505e",
              "instance_initiated_shutdown_behavior": "stop",
              "instance_state": "running",
              "instance_type": "t2.micro",
              "ipv6_address_count": 0,
              "ipv6_addresses": [],
              "key_name": "ansiblenew",
              "launch_template": [],
              "maintenance_options": [
                {
                  "auto_recovery": "default"
                }
              ],
              "metadata_options": [
                {
                  "http_endpoint": "enabled",
                  "http_put_response_hop_limit": 1,
                  "http_tokens": "optional",
                  "instance_metadata_tags": "disabled"
                }
              ],
              "monitoring": false,
              "network_interface": [],
              "outpost_arn": "",
              "password_data": "",
              "placement_group": "",
              "placement_partition_number": 0,
              "primary_network_interface_id": "eni-050f83d2444084df5",
              "private_dns": "ip-10-0-0-15.ec2.internal",
              "private_dns_name_options": [
                {
                  "enable_resource_name_dns_a_record": false,
                  "enable_resource_name_dns_aaaa_record": false,
                  "hostname_type": "ip-name"
                }
              ],
              "private_ip": "10.0.0.15",
              "public_dns": "ec2-52-55-27-150.compute-1.amazonaws.com",
              "public_ip": "52.55.27.150",
              "root_block_device": [
                {
                  "delete_on_termination": true,
                  "device_name": "/dev/sda1",
                  "encrypted": false,
                  "iops": 100,
                  "kms_key_id": "",
                  "tags": {},
                  "throughput": 0,
                  "volume_id": "vol-06e20d73e989cb891",
                  "volume_size": 8,
                  "volume_type": "gp2"
                }
              ],
              "secondary_private_ips": [],
              "security_groups": [],
              "source_dest_check": true,
              "subnet_id": "subnet-03ff1c7e7ebdb4d88",
              "tags": {
                "Name": "web-pub-subnet-1"
              },
              "tags_all": {
                "Name": "web-pub-subnet-1"
              },
              "tenancy": "default",
              "timeouts": null,
              "user_data": null,
              "user_data_base64": null,
              "user_data_replace_on_change": false,
              "volume_tags": null,
              "vpc_security_group_ids": [
                "sg-06b132d86950cac56"
              ]
            },
            "pub-subnet-2": {
              "ami": "ami-0778521d914d23bc1",
              "arn": "arn:aws:ec2:us-east-1:605653682163:instance/i-00cb3e36dce5f2b11",
              "associate_public_ip_address": true,
              "availability_zone": "us-east-1b",
              "capacity_reservation_specification": [
                {
                  "capacity_reservation_preference": "open",
                  "capacity_reservation_target": []
                }
              ],
              "cpu_core_count": 1,
              "cpu_threads_per_core": 1,
              "credit_specification": [
                {
                  "cpu_credits": "standard"
                }
              ],
              "disable_api_stop": false,
              "disable_api_termination": false,
              "ebs_block_device": [],
              "ebs_optimized": false,
              "enclave_options": [
                {
                  "enabled": false
                }
              ],
              "ephemeral_block_device": [],
              "get_password_data": false,
              "hibernation": false,
              "host_id": "",
              "host_resource_group_arn": null,
              "iam_instance_profile": "",
              "id": "i-00cb3e36dce5f2b11",
              "instance_initiated_shutdown_behavior": "stop",
              "instance_state": "running",
              "instance_type": "t2.micro",
              "ipv6_address_count": 0,
              "ipv6_addresses": [],
              "key_name": "ansiblenew",
              "launch_template": [],
              "maintenance_options": [
                {
                  "auto_recovery": "default"
                }
              ],
              "metadata_options": [
                {
                  "http_endpoint": "enabled",
                  "http_put_response_hop_limit": 1,
                  "http_tokens": "optional",
                  "instance_metadata_tags": "disabled"
                }
              ],
              "monitoring": false,
              "network_interface": [],
              "outpost_arn": "",
              "password_data": "",
              "placement_group": "",
              "placement_partition_number": 0,
              "primary_network_interface_id": "eni-0e68f309d0fcff2f1",
              "private_dns": "ip-10-0-1-196.ec2.internal",
              "private_dns_name_options": [
                {
                  "enable_resource_name_dns_a_record": false,
                  "enable_resource_name_dns_aaaa_record": false,
                  "hostname_type": "ip-name"
                }
              ],
              "private_ip": "10.0.1.196",
              "public_dns": "ec2-44-195-66-174.compute-1.amazonaws.com",
              "public_ip": "44.195.66.174",
              "root_block_device": [
                {
                  "delete_on_termination": true,
                  "device_name": "/dev/sda1",
                  "encrypted": false,
                  "iops": 100,
                  "kms_key_id": "",
                  "tags": {},
                  "throughput": 0,
                  "volume_id": "vol-05441a9d7cc90d905",
                  "volume_size": 8,
                  "volume_type": "gp2"
                }
              ],
              "secondary_private_ips": [],
              "security_groups": [],
              "source_dest_check": true,
              "subnet_id": "subnet-01df41f68ce33337b",
              "tags": {
                "Name": "web-pub-subnet-2"
              },
              "tags_all": {
                "Name": "web-pub-subnet-2"
              },
              "tenancy": "default",
              "timeouts": null,
              "user_data": null,
              "user_data_base64": null,
              "user_data_replace_on_change": false,
              "volume_tags": null,
              "vpc_security_group_ids": [
                "sg-06b132d86950cac56"
              ]
            },
            "pub-subnet-3": {
              "ami": "ami-0778521d914d23bc1",
              "arn": "arn:aws:ec2:us-east-1:605653682163:instance/i-05aa2b911288280ce",
              "associate_public_ip_address": true,
              "availability_zone": "us-east-1c",
              "capacity_reservation_specification": [
                {
                  "capacity_reservation_preference": "open",
                  "capacity_reservation_target": []
                }
              ],
              "cpu_core_count": 1,
              "cpu_threads_per_core": 1,
              "credit_specification": [
                {
                  "cpu_credits": "standard"
                }
              ],
              "disable_api_stop": false,
              "disable_api_termination": false,
              "ebs_block_device": [],
              "ebs_optimized": false,
              "enclave_options": [
                {
                  "enabled": false
                }
              ],
              "ephemeral_block_device": [],
              "get_password_data": false,
              "hibernation": false,
              "host_id": "",
              "host_resource_group_arn": null,
              "iam_instance_profile": "",
              "id": "i-05aa2b911288280ce",
              "instance_initiated_shutdown_behavior": "stop",
              "instance_state": "running",
              "instance_type": "t2.micro",
              "ipv6_address_count": 0,
              "ipv6_addresses": [],
              "key_name": "ansiblenew",
              "launch_template": [],
              "maintenance_options": [
                {
                  "auto_recovery": "default"
                }
              ],
              "metadata_options": [
                {
                  "http_endpoint": "enabled",
                  "http_put_response_hop_limit": 1,
                  "http_tokens": "optional",
                  "instance_metadata_tags": "disabled"
                }
              ],
              "monitoring": false,
              "network_interface": [],
              "outpost_arn": "",
              "password_data": "",
              "placement_group": "",
              "placement_partition_number": 0,
              "primary_network_interface_id": "eni-095f9dd83db740e52",
              "private_dns": "ip-10-0-10-223.ec2.internal",
              "private_dns_name_options": [
                {
                  "enable_resource_name_dns_a_record": false,
                  "enable_resource_name_dns_aaaa_record": false,
                  "hostname_type": "ip-name"
                }
              ],
              "private_ip": "10.0.10.223",
              "public_dns": "ec2-18-205-27-230.compute-1.amazonaws.com",
              "public_ip": "18.205.27.230",
              "root_block_device": [
                {
                  "delete_on_termination": true,
                  "device_name": "/dev/sda1",
                  "encrypted": false,
                  "iops": 100,
                  "kms_key_id": "",
                  "tags": {},
                  "throughput": 0,
                  "volume_id": "vol-08240cdc7275a89c6",
                  "volume_size": 8,
                  "volume_type": "gp2"
                }
              ],
              "secondary_private_ips": [],
              "security_groups": [],
              "source_dest_check": true,
              "subnet_id": "subnet-0b3cb63d973c65d4c",
              "tags": {
                "Name": "web-pub-subnet-3"
              },
              "tags_all": {
                "Name": "web-pub-subnet-3"
              },
              "tenancy": "default",
              "timeouts": null,
              "user_data": null,
              "user_data_base64": null,
              "user_data_replace_on_change": false,
              "volume_tags": null,
              "vpc_security_group_ids": [
                "sg-06b132d86950cac56"
              ]
            }
          }
        ]
      ],
      "type": [
        "tuple",
        [
          [
            "tuple",
            [
              [
                "object",
                {
                  "pub-subnet-1": [
                    "object",
                    {
                      "ami": "string",
                      "arn": "string",
                      "associate_public_ip_address": "bool",
                      "availability_zone": "string",
                      "capacity_reservation_specification": [
                        "list",
                        [
                          "object",
                          {
                            "capacity_reservation_preference": "string",
                            "capacity_reservation_target": [
                              "list",
                              [
                                "object",
                                {
                                  "capacity_reservation_id": "string",
                                  "capacity_reservation_resource_group_arn": "string"
                                }
                              ]
                            ]
                          }
                        ]
                      ],
                      "cpu_core_count": "number",
                      "cpu_threads_per_core": "number",
                      "credit_specification": [
                        "list",
                        [
                          "object",
                          {
                            "cpu_credits": "string"
                          }
                        ]
                      ],
                      "disable_api_stop": "bool",
                      "disable_api_termination": "bool",
                      "ebs_block_device": [
                        "set",
                        [
                          "object",
                          {
                            "delete_on_termination": "bool",
                            "device_name": "string",
                            "encrypted": "bool",
                            "iops": "number",
                            "kms_key_id": "string",
                            "snapshot_id": "string",
                            "tags": [
                              "map",
                              "string"
                            ],
                            "throughput": "number",
                            "volume_id": "string",
                            "volume_size": "number",
                            "volume_type": "string"
                          }
                        ]
                      ],
                      "ebs_optimized": "bool",
                      "enclave_options": [
                        "list",
                        [
                          "object",
                          {
                            "enabled": "bool"
                          }
                        ]
                      ],
                      "ephemeral_block_device": [
                        "set",
                        [
                          "object",
                          {
                            "device_name": "string",
                            "no_device": "bool",
                            "virtual_name": "string"
                          }
                        ]
                      ],
                      "get_password_data": "bool",
                      "hibernation": "bool",
                      "host_id": "string",
                      "host_resource_group_arn": "string",
                      "iam_instance_profile": "string",
                      "id": "string",
                      "instance_initiated_shutdown_behavior": "string",
                      "instance_state": "string",
                      "instance_type": "string",
                      "ipv6_address_count": "number",
                      "ipv6_addresses": [
                        "list",
                        "string"
                      ],
                      "key_name": "string",
                      "launch_template": [
                        "list",
                        [
                          "object",
                          {
                            "id": "string",
                            "name": "string",
                            "version": "string"
                          }
                        ]
                      ],
                      "maintenance_options": [
                        "list",
                        [
                          "object",
                          {
                            "auto_recovery": "string"
                          }
                        ]
                      ],
                      "metadata_options": [
                        "list",
                        [
                          "object",
                          {
                            "http_endpoint": "string",
                            "http_put_response_hop_limit": "number",
                            "http_tokens": "string",
                            "instance_metadata_tags": "string"
                          }
                        ]
                      ],
                      "monitoring": "bool",
                      "network_interface": [
                        "set",
                        [
                          "object",
                          {
                            "delete_on_termination": "bool",
                            "device_index": "number",
                            "network_card_index": "number",
                            "network_interface_id": "string"
                          }
                        ]
                      ],
                      "outpost_arn": "string",
                      "password_data": "string",
                      "placement_group": "string",
                      "placement_partition_number": "number",
                      "primary_network_interface_id": "string",
                      "private_dns": "string",
                      "private_dns_name_options": [
                        "list",
                        [
                          "object",
                          {
                            "enable_resource_name_dns_a_record": "bool",
                            "enable_resource_name_dns_aaaa_record": "bool",
                            "hostname_type": "string"
                          }
                        ]
                      ],
                      "private_ip": "string",
                      "public_dns": "string",
                      "public_ip": "string",
                      "root_block_device": [
                        "list",
                        [
                          "object",
                          {
                            "delete_on_termination": "bool",
                            "device_name": "string",
                            "encrypted": "bool",
                            "iops": "number",
                            "kms_key_id": "string",
                            "tags": [
                              "map",
                              "string"
                            ],
                            "throughput": "number",
                            "volume_id": "string",
                            "volume_size": "number",
                            "volume_type": "string"
                          }
                        ]
                      ],
                      "secondary_private_ips": [
                        "set",
                        "string"
                      ],
                      "security_groups": [
                        "set",
                        "string"
                      ],
                      "source_dest_check": "bool",
                      "subnet_id": "string",
                      "tags": [
                        "map",
                        "string"
                      ],
                      "tags_all": [
                        "map",
                        "string"
                      ],
                      "tenancy": "string",
                      "timeouts": [
                        "object",
                        {
                          "create": "string",
                          "delete": "string",
                          "update": "string"
                        }
                      ],
                      "user_data": "string",
                      "user_data_base64": "string",
                      "user_data_replace_on_change": "bool",
                      "volume_tags": [
                        "map",
                        "string"
                      ],
                      "vpc_security_group_ids": [
                        "set",
                        "string"
                      ]
                    }
                  ],
                  "pub-subnet-2": [
                    "object",
                    {
                      "ami": "string",
                      "arn": "string",
                      "associate_public_ip_address": "bool",
                      "availability_zone": "string",
                      "capacity_reservation_specification": [
                        "list",
                        [
                          "object",
                          {
                            "capacity_reservation_preference": "string",
                            "capacity_reservation_target": [
                              "list",
                              [
                                "object",
                                {
                                  "capacity_reservation_id": "string",
                                  "capacity_reservation_resource_group_arn": "string"
                                }
                              ]
                            ]
                          }
                        ]
                      ],
                      "cpu_core_count": "number",
                      "cpu_threads_per_core": "number",
                      "credit_specification": [
                        "list",
                        [
                          "object",
                          {
                            "cpu_credits": "string"
                          }
                        ]
                      ],
                      "disable_api_stop": "bool",
                      "disable_api_termination": "bool",
                      "ebs_block_device": [
                        "set",
                        [
                          "object",
                          {
                            "delete_on_termination": "bool",
                            "device_name": "string",
                            "encrypted": "bool",
                            "iops": "number",
                            "kms_key_id": "string",
                            "snapshot_id": "string",
                            "tags": [
                              "map",
                              "string"
                            ],
                            "throughput": "number",
                            "volume_id": "string",
                            "volume_size": "number",
                            "volume_type": "string"
                          }
                        ]
                      ],
                      "ebs_optimized": "bool",
                      "enclave_options": [
                        "list",
                        [
                          "object",
                          {
                            "enabled": "bool"
                          }
                        ]
                      ],
                      "ephemeral_block_device": [
                        "set",
                        [
                          "object",
                          {
                            "device_name": "string",
                            "no_device": "bool",
                            "virtual_name": "string"
                          }
                        ]
                      ],
                      "get_password_data": "bool",
                      "hibernation": "bool",
                      "host_id": "string",
                      "host_resource_group_arn": "string",
                      "iam_instance_profile": "string",
                      "id": "string",
                      "instance_initiated_shutdown_behavior": "string",
                      "instance_state": "string",
                      "instance_type": "string",
                      "ipv6_address_count": "number",
                      "ipv6_addresses": [
                        "list",
                        "string"
                      ],
                      "key_name": "string",
                      "launch_template": [
                        "list",
                        [
                          "object",
                          {
                            "id": "string",
                            "name": "string",
                            "version": "string"
                          }
                        ]
                      ],
                      "maintenance_options": [
                        "list",
                        [
                          "object",
                          {
                            "auto_recovery": "string"
                          }
                        ]
                      ],
                      "metadata_options": [
                        "list",
                        [
                          "object",
                          {
                            "http_endpoint": "string",
                            "http_put_response_hop_limit": "number",
                            "http_tokens": "string",
                            "instance_metadata_tags": "string"
                          }
                        ]
                      ],
                      "monitoring": "bool",
                      "network_interface": [
                        "set",
                        [
                          "object",
                          {
                            "delete_on_termination": "bool",
                            "device_index": "number",
                            "network_card_index": "number",
                            "network_interface_id": "string"
                          }
                        ]
                      ],
                      "outpost_arn": "string",
                      "password_data": "string",
                      "placement_group": "string",
                      "placement_partition_number": "number",
                      "primary_network_interface_id": "string",
                      "private_dns": "string",
                      "private_dns_name_options": [
                        "list",
                        [
                          "object",
                          {
                            "enable_resource_name_dns_a_record": "bool",
                            "enable_resource_name_dns_aaaa_record": "bool",
                            "hostname_type": "string"
                          }
                        ]
                      ],
                      "private_ip": "string",
                      "public_dns": "string",
                      "public_ip": "string",
                      "root_block_device": [
                        "list",
                        [
                          "object",
                          {
                            "delete_on_termination": "bool",
                            "device_name": "string",
                            "encrypted": "bool",
                            "iops": "number",
                            "kms_key_id": "string",
                            "tags": [
                              "map",
                              "string"
                            ],
                            "throughput": "number",
                            "volume_id": "string",
                            "volume_size": "number",
                            "volume_type": "string"
                          }
                        ]
                      ],
                      "secondary_private_ips": [
                        "set",
                        "string"
                      ],
                      "security_groups": [
                        "set",
                        "string"
                      ],
                      "source_dest_check": "bool",
                      "subnet_id": "string",
                      "tags": [
                        "map",
                        "string"
                      ],
                      "tags_all": [
                        "map",
                        "string"
                      ],
                      "tenancy": "string",
                      "timeouts": [
                        "object",
                        {
                          "create": "string",
                          "delete": "string",
                          "update": "string"
                        }
                      ],
                      "user_data": "string",
                      "user_data_base64": "string",
                      "user_data_replace_on_change": "bool",
                      "volume_tags": [
                        "map",
                        "string"
                      ],
                      "vpc_security_group_ids": [
                        "set",
                        "string"
                      ]
                    }
                  ],
                  "pub-subnet-3": [
                    "object",
                    {
                      "ami": "string",
                      "arn": "string",
                      "associate_public_ip_address": "bool",
                      "availability_zone": "string",
                      "capacity_reservation_specification": [
                        "list",
                        [
                          "object",
                          {
                            "capacity_reservation_preference": "string",
                            "capacity_reservation_target": [
                              "list",
                              [
                                "object",
                                {
                                  "capacity_reservation_id": "string",
                                  "capacity_reservation_resource_group_arn": "string"
                                }
                              ]
                            ]
                          }
                        ]
                      ],
                      "cpu_core_count": "number",
                      "cpu_threads_per_core": "number",
                      "credit_specification": [
                        "list",
                        [
                          "object",
                          {
                            "cpu_credits": "string"
                          }
                        ]
                      ],
                      "disable_api_stop": "bool",
                      "disable_api_termination": "bool",
                      "ebs_block_device": [
                        "set",
                        [
                          "object",
                          {
                            "delete_on_termination": "bool",
                            "device_name": "string",
                            "encrypted": "bool",
                            "iops": "number",
                            "kms_key_id": "string",
                            "snapshot_id": "string",
                            "tags": [
                              "map",
                              "string"
                            ],
                            "throughput": "number",
                            "volume_id": "string",
                            "volume_size": "number",
                            "volume_type": "string"
                          }
                        ]
                      ],
                      "ebs_optimized": "bool",
                      "enclave_options": [
                        "list",
                        [
                          "object",
                          {
                            "enabled": "bool"
                          }
                        ]
                      ],
                      "ephemeral_block_device": [
                        "set",
                        [
                          "object",
                          {
                            "device_name": "string",
                            "no_device": "bool",
                            "virtual_name": "string"
                          }
                        ]
                      ],
                      "get_password_data": "bool",
                      "hibernation": "bool",
                      "host_id": "string",
                      "host_resource_group_arn": "string",
                      "iam_instance_profile": "string",
                      "id": "string",
                      "instance_initiated_shutdown_behavior": "string",
                      "instance_state": "string",
                      "instance_type": "string",
                      "ipv6_address_count": "number",
                      "ipv6_addresses": [
                        "list",
                        "string"
                      ],
                      "key_name": "string",
                      "launch_template": [
                        "list",
                        [
                          "object",
                          {
                            "id": "string",
                            "name": "string",
                            "version": "string"
                          }
                        ]
                      ],
                      "maintenance_options": [
                        "list",
                        [
                          "object",
                          {
                            "auto_recovery": "string"
                          }
                        ]
                      ],
                      "metadata_options": [
                        "list",
                        [
                          "object",
                          {
                            "http_endpoint": "string",
                            "http_put_response_hop_limit": "number",
                            "http_tokens": "string",
                            "instance_metadata_tags": "string"
                          }
                        ]
                      ],
                      "monitoring": "bool",
                      "network_interface": [
                        "set",
                        [
                          "object",
                          {
                            "delete_on_termination": "bool",
                            "device_index": "number",
                            "network_card_index": "number",
                            "network_interface_id": "string"
                          }
                        ]
                      ],
                      "outpost_arn": "string",
                      "password_data": "string",
                      "placement_group": "string",
                      "placement_partition_number": "number",
                      "primary_network_interface_id": "string",
                      "private_dns": "string",
                      "private_dns_name_options": [
                        "list",
                        [
                          "object",
                          {
                            "enable_resource_name_dns_a_record": "bool",
                            "enable_resource_name_dns_aaaa_record": "bool",
                            "hostname_type": "string"
                          }
                        ]
                      ],
                      "private_ip": "string",
                      "public_dns": "string",
                      "public_ip": "string",
                      "root_block_device": [
                        "list",
                        [
                          "object",
                          {
                            "delete_on_termination": "bool",
                            "device_name": "string",
                            "encrypted": "bool",
                            "iops": "number",
                            "kms_key_id": "string",
                            "tags": [
                              "map",
                              "string"
                            ],
                            "throughput": "number",
                            "volume_id": "string",
                            "volume_size": "number",
                            "volume_type": "string"
                          }
                        ]
                      ],
                      "secondary_private_ips": [
                        "set",
                        "string"
                      ],
                      "security_groups": [
                        "set",
                        "string"
                      ],
                      "source_dest_check": "bool",
                      "subnet_id": "string",
                      "tags": [
                        "map",
                        "string"
                      ],
                      "tags_all": [
                        "map",
                        "string"
                      ],
                      "tenancy": "string",
                      "timeouts": [
                        "object",
                        {
                          "create": "string",
                          "delete": "string",
                          "update": "string"
                        }
                      ],
                      "user_data": "string",
                      "user_data_base64": "string",
                      "user_data_replace_on_change": "bool",
                      "volume_tags": [
                        "map",
                        "string"
                      ],
                      "vpc_security_group_ids": [
                        "set",
                        "string"
                      ]
                    }
                  ]
                }
              ]
            ]
          ]
        ]
      ]
    },
    "name": {
      "value": "ansiblenew",
      "type": "string"
    }
  },
  "resources": [
    {
      "mode": "data",
      "type": "aws_ami",
      "name": "ubuntu",
      "provider": "provider[\"registry.terraform.io/hashicorp/aws\"]",
      "instances": [
        {
          "schema_version": 0,
          "attributes": {
            "architecture": "x86_64",
            "arn": "arn:aws:ec2:us-east-1::image/ami-0778521d914d23bc1",
            "block_device_mappings": [
              {
                "device_name": "/dev/sda1",
                "ebs": {
                  "delete_on_termination": "true",
                  "encrypted": "false",
                  "iops": "0",
                  "snapshot_id": "snap-044a2cb95e3fa7b8a",
                  "throughput": "0",
                  "volume_size": "8",
                  "volume_type": "gp2"
                },
                "no_device": "",
                "virtual_name": ""
              },
              {
                "device_name": "/dev/sdb",
                "ebs": {},
                "no_device": "",
                "virtual_name": "ephemeral0"
              },
              {
                "device_name": "/dev/sdc",
                "ebs": {},
                "no_device": "",
                "virtual_name": "ephemeral1"
              }
            ],
            "boot_mode": "",
            "creation_date": "2023-01-13T19:22:52.000Z",
            "deprecation_time": "2025-01-13T19:22:52.000Z",
            "description": "Canonical, Ubuntu, 20.04 LTS, amd64 focal image build on 2023-01-12",
            "ena_support": true,
            "executable_users": null,
            "filter": [
              {
                "name": "name",
                "values": [
                  "ubuntu/images/hvm-ssd/ubuntu-focal-20.04-amd64-server-*"
                ]
              },
              {
                "name": "virtualization-type",
                "values": [
                  "hvm"
                ]
              }
            ],
            "hypervisor": "xen",
            "id": "ami-0778521d914d23bc1",
            "image_id": "ami-0778521d914d23bc1",
            "image_location": "amazon/ubuntu/images/hvm-ssd/ubuntu-focal-20.04-amd64-server-20230112",
            "image_owner_alias": "amazon",
            "image_type": "machine",
            "imds_support": "",
            "include_deprecated": false,
            "kernel_id": "",
            "most_recent": true,
            "name": "ubuntu/images/hvm-ssd/ubuntu-focal-20.04-amd64-server-20230112",
            "name_regex": null,
            "owner_id": "099720109477",
            "owners": [
              "amazon"
            ],
            "platform": "",
            "platform_details": "Linux/UNIX",
            "product_codes": [],
            "public": true,
            "ramdisk_id": "",
            "root_device_name": "/dev/sda1",
            "root_device_type": "ebs",
            "root_snapshot_id": "snap-044a2cb95e3fa7b8a",
            "sriov_net_support": "simple",
            "state": "available",
            "state_reason": {
              "code": "UNSET",
              "message": "UNSET"
            },
            "tags": {},
            "timeouts": null,
            "tpm_support": "",
            "usage_operation": "RunInstances",
            "virtualization_type": "hvm"
          },
          "sensitive_attributes": []
        }
      ]
    },
    {
      "mode": "data",
      "type": "aws_key_pair",
      "name": "ansiblenew",
      "provider": "provider[\"registry.terraform.io/hashicorp/aws\"]",
      "instances": [
        {
          "schema_version": 0,
          "attributes": {
            "arn": "arn:aws:ec2:us-east-1:605653682163:key-pair/ansiblenew",
            "create_time": "2022-10-07T12:38:44Z",
            "filter": null,
            "fingerprint": "28:1f:1d:d1:42:a3:1e:55:53:bc:05:8b:72:65:25:2a",
            "id": "key-04f6d6c9a81f74265",
            "include_public_key": true,
            "key_name": "ansiblenew",
            "key_pair_id": "key-04f6d6c9a81f74265",
            "key_type": "rsa",
            "public_key": "ssh-rsa AAAAB3NzaC1yc2EAAAADAQABAAABgQCtt3QAz1/XIXz4oSDRPpZpMq3bpbiXkYs19vUB2lai1ihDm/GPdvlUlT0hkr7Eljw9gSRWwx8EXCtKh0amvTrwtWYTMRRWKkO7k8hT4jw4mxvCWhrRZJIxVngqxP+jXGQicTD4iZGTPNo1VfgbVAT2upDBjmymr3LHC1tGF0HZpGg+8KyQvDKEDjbMeH/ZCA/3PgV/QSeSin8G8qRpVvGD2QjgOLxPLq4icQb1WnrAJnvOQEI/UDjcaZjzwt7V1ICjzZeYiqlnzvaMM6Legbe13p5x2PSB53jeTbsYkTJe377mQNVmAZEhLQkxDBWrU1TqwAx4nkqxGwolXM28WFbB8n32pBe2yQKtZbmA5mDC9mSlRHbW/u9DG0C4bBxNQ0tw2V5zpUKnoGEwOwBdDhkPfxHnP57vATfxvPpF1iIQfl6256KyuMVjWsstU/i3kop5QpUoMPLND4qZskAa4twz05kvQ0KaFHXs1wQSRnB28kfmpzNt5fk0WrSDlIZQaxM= ansiblenew",
            "tags": {},
            "timeouts": null
          },
          "sensitive_attributes": []
        }
      ]
    },
    {
      "mode": "data",
      "type": "aws_route53_zone",
      "name": "hosted-zone",
      "provider": "provider[\"registry.terraform.io/hashicorp/aws\"]",
      "instances": [
        {
          "schema_version": 0,
          "attributes": {
            "arn": "arn:aws:route53:::hostedzone/Z020668130Q0UJ85ZM4NL",
            "caller_reference": "2823c9da-87db-4503-89a9-efc38453b8b8",
            "comment": "resume-challenge",
            "id": "Z020668130Q0UJ85ZM4NL",
            "linked_service_description": null,
            "linked_service_principal": null,
            "name": "ejirolaureld.live",
            "name_servers": [
              "ns-170.awsdns-21.com",
              "ns-1903.awsdns-45.co.uk",
              "ns-535.awsdns-02.net",
              "ns-1243.awsdns-27.org"
            ],
            "primary_name_server": "ns-170.awsdns-21.com",
            "private_zone": false,
            "resource_record_set_count": 4,
            "tags": {},
            "vpc_id": null,
            "zone_id": "Z020668130Q0UJ85ZM4NL"
          },
          "sensitive_attributes": []
        }
      ]
    },
    {
      "mode": "managed",
      "type": "aws_instance",
      "name": "web",
      "provider": "provider[\"registry.terraform.io/hashicorp/aws\"]",
      "instances": [
        {
          "index_key": "pub-subnet-1",
          "schema_version": 1,
          "attributes": {
            "ami": "ami-0778521d914d23bc1",
            "arn": "arn:aws:ec2:us-east-1:605653682163:instance/i-012e5445374d0505e",
            "associate_public_ip_address": true,
            "availability_zone": "us-east-1a",
            "capacity_reservation_specification": [
              {
                "capacity_reservation_preference": "open",
                "capacity_reservation_target": []
              }
            ],
            "cpu_core_count": 1,
            "cpu_threads_per_core": 1,
            "credit_specification": [
              {
                "cpu_credits": "standard"
              }
            ],
            "disable_api_stop": false,
            "disable_api_termination": false,
            "ebs_block_device": [],
            "ebs_optimized": false,
            "enclave_options": [
              {
                "enabled": false
              }
            ],
            "ephemeral_block_device": [],
            "get_password_data": false,
            "hibernation": false,
            "host_id": "",
            "host_resource_group_arn": null,
            "iam_instance_profile": "",
            "id": "i-012e5445374d0505e",
            "instance_initiated_shutdown_behavior": "stop",
            "instance_state": "running",
            "instance_type": "t2.micro",
            "ipv6_address_count": 0,
            "ipv6_addresses": [],
            "key_name": "ansiblenew",
            "launch_template": [],
            "maintenance_options": [
              {
                "auto_recovery": "default"
              }
            ],
            "metadata_options": [
              {
                "http_endpoint": "enabled",
                "http_put_response_hop_limit": 1,
                "http_tokens": "optional",
                "instance_metadata_tags": "disabled"
              }
            ],
            "monitoring": false,
            "network_interface": [],
            "outpost_arn": "",
            "password_data": "",
            "placement_group": "",
            "placement_partition_number": 0,
            "primary_network_interface_id": "eni-050f83d2444084df5",
            "private_dns": "ip-10-0-0-15.ec2.internal",
            "private_dns_name_options": [
              {
                "enable_resource_name_dns_a_record": false,
                "enable_resource_name_dns_aaaa_record": false,
                "hostname_type": "ip-name"
              }
            ],
            "private_ip": "10.0.0.15",
            "public_dns": "ec2-52-55-27-150.compute-1.amazonaws.com",
            "public_ip": "52.55.27.150",
            "root_block_device": [
              {
                "delete_on_termination": true,
                "device_name": "/dev/sda1",
                "encrypted": false,
                "iops": 100,
                "kms_key_id": "",
                "tags": {},
                "throughput": 0,
                "volume_id": "vol-06e20d73e989cb891",
                "volume_size": 8,
                "volume_type": "gp2"
              }
            ],
            "secondary_private_ips": [],
            "security_groups": [],
            "source_dest_check": true,
            "subnet_id": "subnet-03ff1c7e7ebdb4d88",
            "tags": {
              "Name": "web-pub-subnet-1"
            },
            "tags_all": {
              "Name": "web-pub-subnet-1"
            },
            "tenancy": "default",
            "timeouts": null,
            "user_data": null,
            "user_data_base64": null,
            "user_data_replace_on_change": false,
            "volume_tags": null,
            "vpc_security_group_ids": [
              "sg-06b132d86950cac56"
            ]
          },
          "sensitive_attributes": [],
          "private": "eyJlMmJmYjczMC1lY2FhLTExZTYtOGY4OC0zNDM2M2JjN2M0YzAiOnsiY3JlYXRlIjo2MDAwMDAwMDAwMDAsImRlbGV0ZSI6MTIwMDAwMDAwMDAwMCwidXBkYXRlIjo2MDAwMDAwMDAwMDB9LCJzY2hlbWFfdmVyc2lvbiI6IjEifQ==",
          "dependencies": [
            "aws_security_group.instance-sg",
            "aws_subnet.public-subnet",
            "aws_vpc.altschool-terraform",
            "data.aws_ami.ubuntu"
          ]
        },
        {
          "index_key": "pub-subnet-2",
          "schema_version": 1,
          "attributes": {
            "ami": "ami-0778521d914d23bc1",
            "arn": "arn:aws:ec2:us-east-1:605653682163:instance/i-00cb3e36dce5f2b11",
            "associate_public_ip_address": true,
            "availability_zone": "us-east-1b",
            "capacity_reservation_specification": [
              {
                "capacity_reservation_preference": "open",
                "capacity_reservation_target": []
              }
            ],
            "cpu_core_count": 1,
            "cpu_threads_per_core": 1,
            "credit_specification": [
              {
                "cpu_credits": "standard"
              }
            ],
            "disable_api_stop": false,
            "disable_api_termination": false,
            "ebs_block_device": [],
            "ebs_optimized": false,
            "enclave_options": [
              {
                "enabled": false
              }
            ],
            "ephemeral_block_device": [],
            "get_password_data": false,
            "hibernation": false,
            "host_id": "",
            "host_resource_group_arn": null,
            "iam_instance_profile": "",
            "id": "i-00cb3e36dce5f2b11",
            "instance_initiated_shutdown_behavior": "stop",
            "instance_state": "running",
            "instance_type": "t2.micro",
            "ipv6_address_count": 0,
            "ipv6_addresses": [],
            "key_name": "ansiblenew",
            "launch_template": [],
            "maintenance_options": [
              {
                "auto_recovery": "default"
              }
            ],
            "metadata_options": [
              {
                "http_endpoint": "enabled",
                "http_put_response_hop_limit": 1,
                "http_tokens": "optional",
                "instance_metadata_tags": "disabled"
              }
            ],
            "monitoring": false,
            "network_interface": [],
            "outpost_arn": "",
            "password_data": "",
            "placement_group": "",
            "placement_partition_number": 0,
            "primary_network_interface_id": "eni-0e68f309d0fcff2f1",
            "private_dns": "ip-10-0-1-196.ec2.internal",
            "private_dns_name_options": [
              {
                "enable_resource_name_dns_a_record": false,
                "enable_resource_name_dns_aaaa_record": false,
                "hostname_type": "ip-name"
              }
            ],
            "private_ip": "10.0.1.196",
            "public_dns": "ec2-44-195-66-174.compute-1.amazonaws.com",
            "public_ip": "44.195.66.174",
            "root_block_device": [
              {
                "delete_on_termination": true,
                "device_name": "/dev/sda1",
                "encrypted": false,
                "iops": 100,
                "kms_key_id": "",
                "tags": {},
                "throughput": 0,
                "volume_id": "vol-05441a9d7cc90d905",
                "volume_size": 8,
                "volume_type": "gp2"
              }
            ],
            "secondary_private_ips": [],
            "security_groups": [],
            "source_dest_check": true,
            "subnet_id": "subnet-01df41f68ce33337b",
            "tags": {
              "Name": "web-pub-subnet-2"
            },
            "tags_all": {
              "Name": "web-pub-subnet-2"
            },
            "tenancy": "default",
            "timeouts": null,
            "user_data": null,
            "user_data_base64": null,
            "user_data_replace_on_change": false,
            "volume_tags": null,
            "vpc_security_group_ids": [
              "sg-06b132d86950cac56"
            ]
          },
          "sensitive_attributes": [],
          "private": "eyJlMmJmYjczMC1lY2FhLTExZTYtOGY4OC0zNDM2M2JjN2M0YzAiOnsiY3JlYXRlIjo2MDAwMDAwMDAwMDAsImRlbGV0ZSI6MTIwMDAwMDAwMDAwMCwidXBkYXRlIjo2MDAwMDAwMDAwMDB9LCJzY2hlbWFfdmVyc2lvbiI6IjEifQ==",
          "dependencies": [
            "aws_security_group.instance-sg",
            "aws_subnet.public-subnet",
            "aws_vpc.altschool-terraform",
            "data.aws_ami.ubuntu"
          ]
        },
        {
          "index_key": "pub-subnet-3",
          "schema_version": 1,
          "attributes": {
            "ami": "ami-0778521d914d23bc1",
            "arn": "arn:aws:ec2:us-east-1:605653682163:instance/i-05aa2b911288280ce",
            "associate_public_ip_address": true,
            "availability_zone": "us-east-1c",
            "capacity_reservation_specification": [
              {
                "capacity_reservation_preference": "open",
                "capacity_reservation_target": []
              }
            ],
            "cpu_core_count": 1,
            "cpu_threads_per_core": 1,
            "credit_specification": [
              {
                "cpu_credits": "standard"
              }
            ],
            "disable_api_stop": false,
            "disable_api_termination": false,
            "ebs_block_device": [],
            "ebs_optimized": false,
            "enclave_options": [
              {
                "enabled": false
              }
            ],
            "ephemeral_block_device": [],
            "get_password_data": false,
            "hibernation": false,
            "host_id": "",
            "host_resource_group_arn": null,
            "iam_instance_profile": "",
            "id": "i-05aa2b911288280ce",
            "instance_initiated_shutdown_behavior": "stop",
            "instance_state": "running",
            "instance_type": "t2.micro",
            "ipv6_address_count": 0,
            "ipv6_addresses": [],
            "key_name": "ansiblenew",
            "launch_template": [],
            "maintenance_options": [
              {
                "auto_recovery": "default"
              }
            ],
            "metadata_options": [
              {
                "http_endpoint": "enabled",
                "http_put_response_hop_limit": 1,
                "http_tokens": "optional",
                "instance_metadata_tags": "disabled"
              }
            ],
            "monitoring": false,
            "network_interface": [],
            "outpost_arn": "",
            "password_data": "",
            "placement_group": "",
            "placement_partition_number": 0,
            "primary_network_interface_id": "eni-095f9dd83db740e52",
            "private_dns": "ip-10-0-10-223.ec2.internal",
            "private_dns_name_options": [
              {
                "enable_resource_name_dns_a_record": false,
                "enable_resource_name_dns_aaaa_record": false,
                "hostname_type": "ip-name"
              }
            ],
            "private_ip": "10.0.10.223",
            "public_dns": "ec2-18-205-27-230.compute-1.amazonaws.com",
            "public_ip": "18.205.27.230",
            "root_block_device": [
              {
                "delete_on_termination": true,
                "device_name": "/dev/sda1",
                "encrypted": false,
                "iops": 100,
                "kms_key_id": "",
                "tags": {},
                "throughput": 0,
                "volume_id": "vol-08240cdc7275a89c6",
                "volume_size": 8,
                "volume_type": "gp2"
              }
            ],
            "secondary_private_ips": [],
            "security_groups": [],
            "source_dest_check": true,
            "subnet_id": "subnet-0b3cb63d973c65d4c",
            "tags": {
              "Name": "web-pub-subnet-3"
            },
            "tags_all": {
              "Name": "web-pub-subnet-3"
            },
            "tenancy": "default",
            "timeouts": null,
            "user_data": null,
            "user_data_base64": null,
            "user_data_replace_on_change": false,
            "volume_tags": null,
            "vpc_security_group_ids": [
              "sg-06b132d86950cac56"
            ]
          },
          "sensitive_attributes": [],
          "private": "eyJlMmJmYjczMC1lY2FhLTExZTYtOGY4OC0zNDM2M2JjN2M0YzAiOnsiY3JlYXRlIjo2MDAwMDAwMDAwMDAsImRlbGV0ZSI6MTIwMDAwMDAwMDAwMCwidXBkYXRlIjo2MDAwMDAwMDAwMDB9LCJzY2hlbWFfdmVyc2lvbiI6IjEifQ==",
          "dependencies": [
            "aws_security_group.instance-sg",
            "aws_subnet.public-subnet",
            "aws_vpc.altschool-terraform",
            "data.aws_ami.ubuntu"
          ]
        }
      ]
    },
    {
      "mode": "managed",
      "type": "aws_internet_gateway",
      "name": "terraform-igw",
      "provider": "provider[\"registry.terraform.io/hashicorp/aws\"]",
      "instances": [
        {
          "schema_version": 0,
          "attributes": {
            "arn": "arn:aws:ec2:us-east-1:605653682163:internet-gateway/igw-05c8f86d15e516758",
            "id": "igw-05c8f86d15e516758",
            "owner_id": "605653682163",
            "tags": {
              "Name": "terraforn-igw"
            },
            "tags_all": {
              "Name": "terraforn-igw"
            },
            "timeouts": null,
            "vpc_id": "vpc-0ff50acfbf1804f0b"
          },
          "sensitive_attributes": [],
          "private": "eyJlMmJmYjczMC1lY2FhLTExZTYtOGY4OC0zNDM2M2JjN2M0YzAiOnsiY3JlYXRlIjoxMjAwMDAwMDAwMDAwLCJkZWxldGUiOjEyMDAwMDAwMDAwMDAsInVwZGF0ZSI6MTIwMDAwMDAwMDAwMH19",
          "dependencies": [
            "aws_vpc.altschool-terraform"
          ]
        }
      ]
    },
    {
      "mode": "managed",
      "type": "aws_lb",
      "name": "terraform-alb",
      "provider": "provider[\"registry.terraform.io/hashicorp/aws\"]",
      "instances": [
        {
          "schema_version": 0,
          "attributes": {
            "access_logs": [
              {
                "bucket": "",
                "enabled": false,
                "prefix": ""
              }
            ],
            "arn": "arn:aws:elasticloadbalancing:us-east-1:605653682163:loadbalancer/app/terraform-alb/bf861a16a59c970a",
            "arn_suffix": "app/terraform-alb/bf861a16a59c970a",
            "customer_owned_ipv4_pool": "",
            "desync_mitigation_mode": "defensive",
            "dns_name": "terraform-alb-1858936565.us-east-1.elb.amazonaws.com",
            "drop_invalid_header_fields": false,
            "enable_cross_zone_load_balancing": true,
            "enable_deletion_protection": false,
            "enable_http2": true,
            "enable_waf_fail_open": false,
            "id": "arn:aws:elasticloadbalancing:us-east-1:605653682163:loadbalancer/app/terraform-alb/bf861a16a59c970a",
            "idle_timeout": 60,
            "internal": false,
            "ip_address_type": "ipv4",
            "load_balancer_type": "application",
            "name": "terraform-alb",
            "name_prefix": null,
            "preserve_host_header": false,
            "security_groups": [
              "sg-0e35da6f995d9cf0b"
            ],
            "subnet_mapping": [
              {
                "allocation_id": "",
                "ipv6_address": "",
                "outpost_id": "",
                "private_ipv4_address": "",
                "subnet_id": "subnet-01df41f68ce33337b"
              },
              {
                "allocation_id": "",
                "ipv6_address": "",
                "outpost_id": "",
                "private_ipv4_address": "",
                "subnet_id": "subnet-03ff1c7e7ebdb4d88"
              },
              {
                "allocation_id": "",
                "ipv6_address": "",
                "outpost_id": "",
                "private_ipv4_address": "",
                "subnet_id": "subnet-0b3cb63d973c65d4c"
              }
            ],
            "subnets": [
              "subnet-01df41f68ce33337b",
              "subnet-03ff1c7e7ebdb4d88",
              "subnet-0b3cb63d973c65d4c"
            ],
            "tags": {},
            "tags_all": {},
            "timeouts": null,
            "vpc_id": "vpc-0ff50acfbf1804f0b",
            "zone_id": "Z35SXDOTRQ7X7K"
          },
          "sensitive_attributes": [],
          "private": "eyJlMmJmYjczMC1lY2FhLTExZTYtOGY4OC0zNDM2M2JjN2M0YzAiOnsiY3JlYXRlIjo2MDAwMDAwMDAwMDAsImRlbGV0ZSI6NjAwMDAwMDAwMDAwLCJ1cGRhdGUiOjYwMDAwMDAwMDAwMH19",
          "dependencies": [
            "aws_security_group.alb-sg",
            "aws_subnet.public-subnet",
            "aws_vpc.altschool-terraform"
          ]
        }
      ]
    },
    {
      "mode": "managed",
      "type": "aws_lb_listener",
      "name": "http-https",
      "provider": "provider[\"registry.terraform.io/hashicorp/aws\"]",
      "instances": [
        {
          "schema_version": 0,
          "attributes": {
            "alpn_policy": null,
            "arn": "arn:aws:elasticloadbalancing:us-east-1:605653682163:listener/app/terraform-alb/bf861a16a59c970a/6fc3df9d9ab299cb",
            "certificate_arn": null,
            "default_action": [
              {
                "authenticate_cognito": [],
                "authenticate_oidc": [],
                "fixed_response": [],
                "forward": [],
                "order": 1,
                "redirect": [
                  {
                    "host": "#{host}",
                    "path": "/#{path}",
                    "port": "443",
                    "protocol": "HTTPS",
                    "query": "#{query}",
                    "status_code": "HTTP_301"
                  }
                ],
                "target_group_arn": "",
                "type": "redirect"
              }
            ],
            "id": "arn:aws:elasticloadbalancing:us-east-1:605653682163:listener/app/terraform-alb/bf861a16a59c970a/6fc3df9d9ab299cb",
            "load_balancer_arn": "arn:aws:elasticloadbalancing:us-east-1:605653682163:loadbalancer/app/terraform-alb/bf861a16a59c970a",
            "port": 80,
            "protocol": "HTTP",
            "ssl_policy": "",
            "tags": {},
            "tags_all": {},
            "timeouts": null
          },
          "sensitive_attributes": [],
          "private": "eyJlMmJmYjczMC1lY2FhLTExZTYtOGY4OC0zNDM2M2JjN2M0YzAiOnsicmVhZCI6NjAwMDAwMDAwMDAwfX0=",
          "dependencies": [
            "aws_lb.terraform-alb",
            "aws_security_group.alb-sg",
            "aws_subnet.public-subnet",
            "aws_vpc.altschool-terraform"
          ]
        }
      ]
    },
    {
      "mode": "managed",
      "type": "aws_lb_listener",
      "name": "terraform",
      "provider": "provider[\"registry.terraform.io/hashicorp/aws\"]",
      "instances": [
        {
          "schema_version": 0,
          "attributes": {
            "alpn_policy": null,
            "arn": "arn:aws:elasticloadbalancing:us-east-1:605653682163:listener/app/terraform-alb/bf861a16a59c970a/bb24563aae456a32",
            "certificate_arn": "arn:aws:acm:us-east-1:605653682163:certificate/0323079b-bd22-418c-8c0c-a733846602d2",
            "default_action": [
              {
                "authenticate_cognito": [],
                "authenticate_oidc": [],
                "fixed_response": [],
                "forward": [],
                "order": 1,
                "redirect": [],
                "target_group_arn": "arn:aws:elasticloadbalancing:us-east-1:605653682163:targetgroup/terraform/8a9f81ac678c79cb",
                "type": "forward"
              }
            ],
            "id": "arn:aws:elasticloadbalancing:us-east-1:605653682163:listener/app/terraform-alb/bf861a16a59c970a/bb24563aae456a32",
            "load_balancer_arn": "arn:aws:elasticloadbalancing:us-east-1:605653682163:loadbalancer/app/terraform-alb/bf861a16a59c970a",
            "port": 443,
            "protocol": "HTTPS",
            "ssl_policy": "ELBSecurityPolicy-2016-08",
            "tags": {},
            "tags_all": {},
            "timeouts": null
          },
          "sensitive_attributes": [],
          "private": "eyJlMmJmYjczMC1lY2FhLTExZTYtOGY4OC0zNDM2M2JjN2M0YzAiOnsicmVhZCI6NjAwMDAwMDAwMDAwfX0=",
          "dependencies": [
            "aws_lb.terraform-alb",
            "aws_lb_target_group.terraform-tg",
            "aws_security_group.alb-sg",
            "aws_subnet.public-subnet",
            "aws_vpc.altschool-terraform"
          ]
        }
      ]
    },
    {
      "mode": "managed",
      "type": "aws_lb_target_group",
      "name": "terraform-tg",
      "provider": "provider[\"registry.terraform.io/hashicorp/aws\"]",
      "instances": [
        {
          "schema_version": 0,
          "attributes": {
            "arn": "arn:aws:elasticloadbalancing:us-east-1:605653682163:targetgroup/terraform/8a9f81ac678c79cb",
            "arn_suffix": "targetgroup/terraform/8a9f81ac678c79cb",
            "connection_termination": false,
            "deregistration_delay": "300",
            "health_check": [
              {
                "enabled": true,
                "healthy_threshold": 3,
                "interval": 30,
                "matcher": "200-299",
                "path": "/",
                "port": "80",
                "protocol": "HTTP",
                "timeout": 5,
                "unhealthy_threshold": 3
              }
            ],
            "id": "arn:aws:elasticloadbalancing:us-east-1:605653682163:targetgroup/terraform/8a9f81ac678c79cb",
            "ip_address_type": "ipv4",
            "lambda_multi_value_headers_enabled": false,
            "load_balancing_algorithm_type": "round_robin",
            "name": "terraform",
            "name_prefix": null,
            "port": 80,
            "preserve_client_ip": null,
            "protocol": "HTTP",
            "protocol_version": "HTTP1",
            "proxy_protocol_v2": false,
            "slow_start": 0,
            "stickiness": [
              {
                "cookie_duration": 86400,
                "cookie_name": "",
                "enabled": false,
                "type": "lb_cookie"
              }
            ],
            "tags": {},
            "tags_all": {},
            "target_failover": [
              {
                "on_deregistration": null,
                "on_unhealthy": null
              }
            ],
            "target_type": "instance",
            "vpc_id": "vpc-0ff50acfbf1804f0b"
          },
          "sensitive_attributes": [],
          "private": "bnVsbA==",
          "dependencies": [
            "aws_vpc.altschool-terraform"
          ]
        }
      ]
    },
    {
      "mode": "managed",
      "type": "aws_lb_target_group_attachment",
      "name": "terraform-tg",
      "provider": "provider[\"registry.terraform.io/hashicorp/aws\"]",
      "instances": [
        {
          "index_key": "pub-subnet-1",
          "schema_version": 0,
          "attributes": {
            "availability_zone": null,
            "id": "arn:aws:elasticloadbalancing:us-east-1:605653682163:targetgroup/terraform/8a9f81ac678c79cb-20230205141641773700000007",
            "port": 80,
            "target_group_arn": "arn:aws:elasticloadbalancing:us-east-1:605653682163:targetgroup/terraform/8a9f81ac678c79cb",
            "target_id": "i-012e5445374d0505e"
          },
          "sensitive_attributes": [],
          "private": "bnVsbA==",
          "dependencies": [
            "aws_instance.web",
            "aws_lb_target_group.terraform-tg",
            "aws_security_group.instance-sg",
            "aws_subnet.public-subnet",
            "aws_vpc.altschool-terraform",
            "data.aws_ami.ubuntu"
          ]
        },
        {
          "index_key": "pub-subnet-2",
          "schema_version": 0,
          "attributes": {
            "availability_zone": null,
            "id": "arn:aws:elasticloadbalancing:us-east-1:605653682163:targetgroup/terraform/8a9f81ac678c79cb-20230205141641412900000006",
            "port": 80,
            "target_group_arn": "arn:aws:elasticloadbalancing:us-east-1:605653682163:targetgroup/terraform/8a9f81ac678c79cb",
            "target_id": "i-00cb3e36dce5f2b11"
          },
          "sensitive_attributes": [],
          "private": "bnVsbA==",
          "dependencies": [
            "aws_instance.web",
            "aws_lb_target_group.terraform-tg",
            "aws_security_group.instance-sg",
            "aws_subnet.public-subnet",
            "aws_vpc.altschool-terraform",
            "data.aws_ami.ubuntu"
          ]
        },
        {
          "index_key": "pub-subnet-3",
          "schema_version": 0,
          "attributes": {
            "availability_zone": null,
            "id": "arn:aws:elasticloadbalancing:us-east-1:605653682163:targetgroup/terraform/8a9f81ac678c79cb-20230205141640976900000005",
            "port": 80,
            "target_group_arn": "arn:aws:elasticloadbalancing:us-east-1:605653682163:targetgroup/terraform/8a9f81ac678c79cb",
            "target_id": "i-05aa2b911288280ce"
          },
          "sensitive_attributes": [],
          "private": "bnVsbA==",
          "dependencies": [
            "aws_instance.web",
            "aws_lb_target_group.terraform-tg",
            "aws_security_group.instance-sg",
            "aws_subnet.public-subnet",
            "aws_vpc.altschool-terraform",
            "data.aws_ami.ubuntu"
          ]
        }
      ]
    },
    {
      "mode": "managed",
      "type": "aws_route_table",
      "name": "terraform-route-table",
      "provider": "provider[\"registry.terraform.io/hashicorp/aws\"]",
      "instances": [
        {
          "schema_version": 0,
          "attributes": {
            "arn": "arn:aws:ec2:us-east-1:605653682163:route-table/rtb-0e877ae4f7bc8000d",
            "id": "rtb-0e877ae4f7bc8000d",
            "owner_id": "605653682163",
            "propagating_vgws": [],
            "route": [
              {
                "carrier_gateway_id": "",
                "cidr_block": "0.0.0.0/0",
                "core_network_arn": "",
                "destination_prefix_list_id": "",
                "egress_only_gateway_id": "",
                "gateway_id": "igw-05c8f86d15e516758",
                "instance_id": "",
                "ipv6_cidr_block": "",
                "local_gateway_id": "",
                "nat_gateway_id": "",
                "network_interface_id": "",
                "transit_gateway_id": "",
                "vpc_endpoint_id": "",
                "vpc_peering_connection_id": ""
              }
            ],
            "tags": {
              "Name": "terraform-routetable"
            },
            "tags_all": {
              "Name": "terraform-routetable"
            },
            "timeouts": null,
            "vpc_id": "vpc-0ff50acfbf1804f0b"
          },
          "sensitive_attributes": [],
          "private": "eyJlMmJmYjczMC1lY2FhLTExZTYtOGY4OC0zNDM2M2JjN2M0YzAiOnsiY3JlYXRlIjozMDAwMDAwMDAwMDAsImRlbGV0ZSI6MzAwMDAwMDAwMDAwLCJ1cGRhdGUiOjEyMDAwMDAwMDAwMH19",
          "dependencies": [
            "aws_internet_gateway.terraform-igw",
            "aws_vpc.altschool-terraform"
          ]
        }
      ]
    },
    {
      "mode": "managed",
      "type": "aws_route_table_association",
      "name": "public-route-table",
      "provider": "provider[\"registry.terraform.io/hashicorp/aws\"]",
      "instances": [
        {
          "index_key": "pub-subnet-1",
          "schema_version": 0,
          "attributes": {
            "gateway_id": "",
            "id": "rtbassoc-026e5f1c9872a93d6",
            "route_table_id": "rtb-0e877ae4f7bc8000d",
            "subnet_id": "subnet-03ff1c7e7ebdb4d88"
          },
          "sensitive_attributes": [],
          "private": "bnVsbA==",
          "dependencies": [
            "aws_internet_gateway.terraform-igw",
            "aws_route_table.terraform-route-table",
            "aws_subnet.public-subnet",
            "aws_vpc.altschool-terraform"
          ]
        },
        {
          "index_key": "pub-subnet-2",
          "schema_version": 0,
          "attributes": {
            "gateway_id": "",
            "id": "rtbassoc-073004a544522c77c",
            "route_table_id": "rtb-0e877ae4f7bc8000d",
            "subnet_id": "subnet-01df41f68ce33337b"
          },
          "sensitive_attributes": [],
          "private": "bnVsbA==",
          "dependencies": [
            "aws_internet_gateway.terraform-igw",
            "aws_route_table.terraform-route-table",
            "aws_subnet.public-subnet",
            "aws_vpc.altschool-terraform"
          ]
        },
        {
          "index_key": "pub-subnet-3",
          "schema_version": 0,
          "attributes": {
            "gateway_id": "",
            "id": "rtbassoc-0f930b5a754389200",
            "route_table_id": "rtb-0e877ae4f7bc8000d",
            "subnet_id": "subnet-0b3cb63d973c65d4c"
          },
          "sensitive_attributes": [],
          "private": "bnVsbA==",
          "dependencies": [
            "aws_internet_gateway.terraform-igw",
            "aws_route_table.terraform-route-table",
            "aws_subnet.public-subnet",
            "aws_vpc.altschool-terraform"
          ]
        }
      ]
    },
    {
      "mode": "managed",
      "type": "aws_security_group",
      "name": "alb-sg",
      "provider": "provider[\"registry.terraform.io/hashicorp/aws\"]",
      "instances": [
        {
          "schema_version": 1,
          "attributes": {
            "arn": "arn:aws:ec2:us-east-1:605653682163:security-group/sg-0e35da6f995d9cf0b",
            "description": "Managed by Terraform",
            "egress": [
              {
                "cidr_blocks": [
                  "0.0.0.0/0"
                ],
                "description": "",
                "from_port": 0,
                "ipv6_cidr_blocks": [],
                "prefix_list_ids": [],
                "protocol": "-1",
                "security_groups": [],
                "self": false,
                "to_port": 0
              }
            ],
            "id": "sg-0e35da6f995d9cf0b",
            "ingress": [
              {
                "cidr_blocks": [
                  "0.0.0.0/0"
                ],
                "description": "",
                "from_port": 443,
                "ipv6_cidr_blocks": [],
                "prefix_list_ids": [],
                "protocol": "tcp",
                "security_groups": [],
                "self": false,
                "to_port": 443
              },
              {
                "cidr_blocks": [
                  "0.0.0.0/0"
                ],
                "description": "",
                "from_port": 80,
                "ipv6_cidr_blocks": [],
                "prefix_list_ids": [],
                "protocol": "tcp",
                "security_groups": [],
                "self": false,
                "to_port": 80
              }
            ],
            "name": "terraformalb",
            "name_prefix": "",
            "owner_id": "605653682163",
            "revoke_rules_on_delete": false,
            "tags": {},
            "tags_all": {},
            "timeouts": null,
            "vpc_id": "vpc-0ff50acfbf1804f0b"
          },
          "sensitive_attributes": [],
          "private": "eyJlMmJmYjczMC1lY2FhLTExZTYtOGY4OC0zNDM2M2JjN2M0YzAiOnsiY3JlYXRlIjo2MDAwMDAwMDAwMDAsImRlbGV0ZSI6OTAwMDAwMDAwMDAwfSwic2NoZW1hX3ZlcnNpb24iOiIxIn0=",
          "dependencies": [
            "aws_vpc.altschool-terraform"
          ]
        }
      ]
    },
    {
      "mode": "managed",
      "type": "aws_security_group",
      "name": "instance-sg",
      "provider": "provider[\"registry.terraform.io/hashicorp/aws\"]",
      "instances": [
        {
          "schema_version": 1,
          "attributes": {
            "arn": "arn:aws:ec2:us-east-1:605653682163:security-group/sg-06b132d86950cac56",
            "description": "Managed by Terraform",
            "egress": [
              {
                "cidr_blocks": [
                  "0.0.0.0/0"
                ],
                "description": "",
                "from_port": 0,
                "ipv6_cidr_blocks": [],
                "prefix_list_ids": [],
                "protocol": "-1",
                "security_groups": [],
                "self": false,
                "to_port": 0
              }
            ],
            "id": "sg-06b132d86950cac56",
            "ingress": [
              {
                "cidr_blocks": [
                  "0.0.0.0/0"
                ],
                "description": "",
                "from_port": 22,
                "ipv6_cidr_blocks": [],
                "prefix_list_ids": [],
                "protocol": "tcp",
                "security_groups": [],
                "self": false,
                "to_port": 22
              },
              {
                "cidr_blocks": [
                  "0.0.0.0/0"
                ],
                "description": "",
                "from_port": 443,
                "ipv6_cidr_blocks": [],
                "prefix_list_ids": [],
                "protocol": "tcp",
                "security_groups": [],
                "self": false,
                "to_port": 443
              },
              {
                "cidr_blocks": [
                  "0.0.0.0/0"
                ],
                "description": "",
                "from_port": 80,
                "ipv6_cidr_blocks": [],
                "prefix_list_ids": [],
                "protocol": "tcp",
                "security_groups": [],
                "self": false,
                "to_port": 80
              }
            ],
            "name": "terraform-20230205141549906300000001",
            "name_prefix": "terraform-",
            "owner_id": "605653682163",
            "revoke_rules_on_delete": false,
            "tags": {
              "Name": "terraform-instance-sg"
            },
            "tags_all": {
              "Name": "terraform-instance-sg"
            },
            "timeouts": null,
            "vpc_id": "vpc-0ff50acfbf1804f0b"
          },
          "sensitive_attributes": [],
          "private": "eyJlMmJmYjczMC1lY2FhLTExZTYtOGY4OC0zNDM2M2JjN2M0YzAiOnsiY3JlYXRlIjo2MDAwMDAwMDAwMDAsImRlbGV0ZSI6OTAwMDAwMDAwMDAwfSwic2NoZW1hX3ZlcnNpb24iOiIxIn0=",
          "dependencies": [
            "aws_vpc.altschool-terraform"
          ]
        }
      ]
    },
    {
      "mode": "managed",
      "type": "aws_subnet",
      "name": "private-subnet",
      "provider": "provider[\"registry.terraform.io/hashicorp/aws\"]",
      "instances": [
        {
          "index_key": "priv-subnet-1",
          "schema_version": 1,
          "attributes": {
            "arn": "arn:aws:ec2:us-east-1:605653682163:subnet/subnet-0c2bd0df9b7a0c755",
            "assign_ipv6_address_on_creation": false,
            "availability_zone": "us-east-1a",
            "availability_zone_id": "use1-az6",
            "cidr_block": "10.0.16.0/20",
            "customer_owned_ipv4_pool": "",
            "enable_dns64": false,
            "enable_resource_name_dns_a_record_on_launch": false,
            "enable_resource_name_dns_aaaa_record_on_launch": false,
            "id": "subnet-0c2bd0df9b7a0c755",
            "ipv6_cidr_block": "",
            "ipv6_cidr_block_association_id": "",
            "ipv6_native": false,
            "map_customer_owned_ip_on_launch": false,
            "map_public_ip_on_launch": false,
            "outpost_arn": "",
            "owner_id": "605653682163",
            "private_dns_hostname_type_on_launch": "ip-name",
            "tags": {
              "Name": "private-subnet-priv-subnet-1"
            },
            "tags_all": {
              "Name": "private-subnet-priv-subnet-1"
            },
            "timeouts": null,
            "vpc_id": "vpc-0ff50acfbf1804f0b"
          },
          "sensitive_attributes": [],
          "private": "eyJlMmJmYjczMC1lY2FhLTExZTYtOGY4OC0zNDM2M2JjN2M0YzAiOnsiY3JlYXRlIjo2MDAwMDAwMDAwMDAsImRlbGV0ZSI6MTIwMDAwMDAwMDAwMH0sInNjaGVtYV92ZXJzaW9uIjoiMSJ9",
          "dependencies": [
            "aws_vpc.altschool-terraform"
          ]
        },
        {
          "index_key": "priv-subnet-2",
          "schema_version": 1,
          "attributes": {
            "arn": "arn:aws:ec2:us-east-1:605653682163:subnet/subnet-02c7e74d967b99be4",
            "assign_ipv6_address_on_creation": false,
            "availability_zone": "us-east-1b",
            "availability_zone_id": "use1-az1",
            "cidr_block": "10.0.32.0/20",
            "customer_owned_ipv4_pool": "",
            "enable_dns64": false,
            "enable_resource_name_dns_a_record_on_launch": false,
            "enable_resource_name_dns_aaaa_record_on_launch": false,
            "id": "subnet-02c7e74d967b99be4",
            "ipv6_cidr_block": "",
            "ipv6_cidr_block_association_id": "",
            "ipv6_native": false,
            "map_customer_owned_ip_on_launch": false,
            "map_public_ip_on_launch": false,
            "outpost_arn": "",
            "owner_id": "605653682163",
            "private_dns_hostname_type_on_launch": "ip-name",
            "tags": {
              "Name": "private-subnet-priv-subnet-2"
            },
            "tags_all": {
              "Name": "private-subnet-priv-subnet-2"
            },
            "timeouts": null,
            "vpc_id": "vpc-0ff50acfbf1804f0b"
          },
          "sensitive_attributes": [],
          "private": "eyJlMmJmYjczMC1lY2FhLTExZTYtOGY4OC0zNDM2M2JjN2M0YzAiOnsiY3JlYXRlIjo2MDAwMDAwMDAwMDAsImRlbGV0ZSI6MTIwMDAwMDAwMDAwMH0sInNjaGVtYV92ZXJzaW9uIjoiMSJ9",
          "dependencies": [
            "aws_vpc.altschool-terraform"
          ]
        }
      ]
    },
    {
      "mode": "managed",
      "type": "aws_subnet",
      "name": "public-subnet",
      "provider": "provider[\"registry.terraform.io/hashicorp/aws\"]",
      "instances": [
        {
          "index_key": "pub-subnet-1",
          "schema_version": 1,
          "attributes": {
            "arn": "arn:aws:ec2:us-east-1:605653682163:subnet/subnet-03ff1c7e7ebdb4d88",
            "assign_ipv6_address_on_creation": false,
            "availability_zone": "us-east-1a",
            "availability_zone_id": "use1-az6",
            "cidr_block": "10.0.0.0/24",
            "customer_owned_ipv4_pool": "",
            "enable_dns64": false,
            "enable_resource_name_dns_a_record_on_launch": false,
            "enable_resource_name_dns_aaaa_record_on_launch": false,
            "id": "subnet-03ff1c7e7ebdb4d88",
            "ipv6_cidr_block": "",
            "ipv6_cidr_block_association_id": "",
            "ipv6_native": false,
            "map_customer_owned_ip_on_launch": false,
            "map_public_ip_on_launch": true,
            "outpost_arn": "",
            "owner_id": "605653682163",
            "private_dns_hostname_type_on_launch": "ip-name",
            "tags": {
              "Name": "public-subnet-pub-subnet-1"
            },
            "tags_all": {
              "Name": "public-subnet-pub-subnet-1"
            },
            "timeouts": null,
            "vpc_id": "vpc-0ff50acfbf1804f0b"
          },
          "sensitive_attributes": [],
          "private": "eyJlMmJmYjczMC1lY2FhLTExZTYtOGY4OC0zNDM2M2JjN2M0YzAiOnsiY3JlYXRlIjo2MDAwMDAwMDAwMDAsImRlbGV0ZSI6MTIwMDAwMDAwMDAwMH0sInNjaGVtYV92ZXJzaW9uIjoiMSJ9",
          "dependencies": [
            "aws_vpc.altschool-terraform"
          ]
        },
        {
          "index_key": "pub-subnet-2",
          "schema_version": 1,
          "attributes": {
            "arn": "arn:aws:ec2:us-east-1:605653682163:subnet/subnet-01df41f68ce33337b",
            "assign_ipv6_address_on_creation": false,
            "availability_zone": "us-east-1b",
            "availability_zone_id": "use1-az1",
            "cidr_block": "10.0.1.0/24",
            "customer_owned_ipv4_pool": "",
            "enable_dns64": false,
            "enable_resource_name_dns_a_record_on_launch": false,
            "enable_resource_name_dns_aaaa_record_on_launch": false,
            "id": "subnet-01df41f68ce33337b",
            "ipv6_cidr_block": "",
            "ipv6_cidr_block_association_id": "",
            "ipv6_native": false,
            "map_customer_owned_ip_on_launch": false,
            "map_public_ip_on_launch": true,
            "outpost_arn": "",
            "owner_id": "605653682163",
            "private_dns_hostname_type_on_launch": "ip-name",
            "tags": {
              "Name": "public-subnet-pub-subnet-2"
            },
            "tags_all": {
              "Name": "public-subnet-pub-subnet-2"
            },
            "timeouts": null,
            "vpc_id": "vpc-0ff50acfbf1804f0b"
          },
          "sensitive_attributes": [],
          "private": "eyJlMmJmYjczMC1lY2FhLTExZTYtOGY4OC0zNDM2M2JjN2M0YzAiOnsiY3JlYXRlIjo2MDAwMDAwMDAwMDAsImRlbGV0ZSI6MTIwMDAwMDAwMDAwMH0sInNjaGVtYV92ZXJzaW9uIjoiMSJ9",
          "dependencies": [
            "aws_vpc.altschool-terraform"
          ]
        },
        {
          "index_key": "pub-subnet-3",
          "schema_version": 1,
          "attributes": {
            "arn": "arn:aws:ec2:us-east-1:605653682163:subnet/subnet-0b3cb63d973c65d4c",
            "assign_ipv6_address_on_creation": false,
            "availability_zone": "us-east-1c",
            "availability_zone_id": "use1-az2",
            "cidr_block": "10.0.10.0/24",
            "customer_owned_ipv4_pool": "",
            "enable_dns64": false,
            "enable_resource_name_dns_a_record_on_launch": false,
            "enable_resource_name_dns_aaaa_record_on_launch": false,
            "id": "subnet-0b3cb63d973c65d4c",
            "ipv6_cidr_block": "",
            "ipv6_cidr_block_association_id": "",
            "ipv6_native": false,
            "map_customer_owned_ip_on_launch": false,
            "map_public_ip_on_launch": true,
            "outpost_arn": "",
            "owner_id": "605653682163",
            "private_dns_hostname_type_on_launch": "ip-name",
            "tags": {
              "Name": "public-subnet-pub-subnet-3"
            },
            "tags_all": {
              "Name": "public-subnet-pub-subnet-3"
            },
            "timeouts": null,
            "vpc_id": "vpc-0ff50acfbf1804f0b"
          },
          "sensitive_attributes": [],
          "private": "eyJlMmJmYjczMC1lY2FhLTExZTYtOGY4OC0zNDM2M2JjN2M0YzAiOnsiY3JlYXRlIjo2MDAwMDAwMDAwMDAsImRlbGV0ZSI6MTIwMDAwMDAwMDAwMH0sInNjaGVtYV92ZXJzaW9uIjoiMSJ9",
          "dependencies": [
            "aws_vpc.altschool-terraform"
          ]
        }
      ]
    },
    {
      "mode": "managed",
      "type": "aws_vpc",
      "name": "altschool-terraform",
      "provider": "provider[\"registry.terraform.io/hashicorp/aws\"]",
      "instances": [
        {
          "schema_version": 1,
          "attributes": {
            "arn": "arn:aws:ec2:us-east-1:605653682163:vpc/vpc-0ff50acfbf1804f0b",
            "assign_generated_ipv6_cidr_block": false,
            "cidr_block": "10.0.0.0/16",
            "default_network_acl_id": "acl-04b242f54d5b8f149",
            "default_route_table_id": "rtb-0f02a06dc600e20fe",
            "default_security_group_id": "sg-0e07b156c1264c3f1",
            "dhcp_options_id": "dopt-0cab1d27717194456",
            "enable_classiclink": false,
            "enable_classiclink_dns_support": false,
            "enable_dns_hostnames": true,
            "enable_dns_support": true,
            "enable_network_address_usage_metrics": false,
            "id": "vpc-0ff50acfbf1804f0b",
            "instance_tenancy": "default",
            "ipv4_ipam_pool_id": null,
            "ipv4_netmask_length": null,
            "ipv6_association_id": "",
            "ipv6_cidr_block": "",
            "ipv6_cidr_block_network_border_group": "",
            "ipv6_ipam_pool_id": "",
            "ipv6_netmask_length": 0,
            "main_route_table_id": "rtb-0f02a06dc600e20fe",
            "owner_id": "605653682163",
            "tags": {
              "Name": "altschool-terraform"
            },
            "tags_all": {
              "Name": "altschool-terraform"
            }
          },
          "sensitive_attributes": [],
          "private": "eyJzY2hlbWFfdmVyc2lvbiI6IjEifQ=="
        }
      ]
    }
  ],
  "check_results": null
}
